
Microsoft Visual Studio Solution File, Format Version 12.00
# Visual Studio Version 17
VisualStudioVersion = 17.5.002.0
MinimumVisualStudioVersion = 10.0.40219.1
Project("{9A19103F-16F7-4668-BE54-9A1E7A4F7556}") = "dot_webapi", "dot_webapi.csproj", "{D276E446-00B4-4CCE-881D-DEE96542DEEC}"
EndProject
Global
	GlobalSection(SolutionConfigurationPlatforms) = preSolution
		Debug|Any CPU = Debug|Any CPU
		Release|Any CPU = Release|Any CPU
	EndGlobalSection
	GlobalSection(ProjectConfigurationPlatforms) = postSolution
		{D276E446-00B4-4CCE-881D-DEE96542DEEC}.Debug|Any CPU.ActiveCfg = Debug|Any CPU
		{D276E446-00B4-4CCE-881D-DEE96542DEEC}.Debug|Any CPU.Build.0 = Debug|Any CPU
		{D276E446-00B4-4CCE-881D-DEE96542DEEC}.Release|Any CPU.ActiveCfg = Release|Any CPU
		{D276E446-00B4-4CCE-881D-DEE96542DEEC}.Release|Any CPU.Build.0 = Release|Any CPU
	EndGlobalSection
	GlobalSection(SolutionProperties) = preSolution
		HideSolutionNode = FALSE
	EndGlobalSection
	GlobalSection(ExtensibilityGlobals) = postSolution
		SolutionGuid = {85D256EE-F205-4FF1-8E58-5A129F52F413}
	EndGlobalSection
EndGlobal
